// !$*UTF8*$!
{
	archiveVersion = 1;
	classes = {
	};
	objectVersion = 50;
	objects = {

/* Begin PBXBuildFile section */
		1ECFE8A123448EB300A058EE /* RegistrationViewController.swift in Sources */ = {isa = PBXBuildFile; fileRef = 1ECFE8A023448EB300A058EE /* RegistrationViewController.swift */; };
		1EE5FE5D234492C100A72A0A /* BackgroundViewController.swift in Sources */ = {isa = PBXBuildFile; fileRef = 1EE5FE5C234492C100A72A0A /* BackgroundViewController.swift */; };
		1EE6AF132344A9C7002FCC68 /* RegistrationBackgroundViewController.swift in Sources */ = {isa = PBXBuildFile; fileRef = 1EE6AF122344A9C7002FCC68 /* RegistrationBackgroundViewController.swift */; };
		1EF171C023436EBD003B7EB9 /* AppDelegate.swift in Sources */ = {isa = PBXBuildFile; fileRef = 1EF171BF23436EBD003B7EB9 /* AppDelegate.swift */; };
		1EF171C223436EBD003B7EB9 /* LanguageSelectionViewController.swift in Sources */ = {isa = PBXBuildFile; fileRef = 1EF171C123436EBD003B7EB9 /* LanguageSelectionViewController.swift */; };
		1EF171C823436EBD003B7EB9 /* AmplifonME.xcdatamodeld in Sources */ = {isa = PBXBuildFile; fileRef = 1EF171C623436EBD003B7EB9 /* AmplifonME.xcdatamodeld */; };
		1EF171CA23436EC7003B7EB9 /* Assets.xcassets in Resources */ = {isa = PBXBuildFile; fileRef = 1EF171C923436EC7003B7EB9 /* Assets.xcassets */; };
		1EF171CD23436EC7003B7EB9 /* LaunchScreen.storyboard in Resources */ = {isa = PBXBuildFile; fileRef = 1EF171CB23436EC7003B7EB9 /* LaunchScreen.storyboard */; };
/* End PBXBuildFile section */

/* Begin PBXFileReference section */
		1ECFE8A023448EB300A058EE /* RegistrationViewController.swift */ = {isa = PBXFileReference; lastKnownFileType = sourcecode.swift; path = RegistrationViewController.swift; sourceTree = "<group>"; };
		1EE5FE5C234492C100A72A0A /* BackgroundViewController.swift */ = {isa = PBXFileReference; lastKnownFileType = sourcecode.swift; path = BackgroundViewController.swift; sourceTree = "<group>"; };
		1EE6AF122344A9C7002FCC68 /* RegistrationBackgroundViewController.swift */ = {isa = PBXFileReference; lastKnownFileType = sourcecode.swift; path = RegistrationBackgroundViewController.swift; sourceTree = "<group>"; };
		1EF171BC23436EBD003B7EB9 /* AmplifonME.app */ = {isa = PBXFileReference; explicitFileType = wrapper.application; includeInIndex = 0; path = AmplifonME.app; sourceTree = BUILT_PRODUCTS_DIR; };
		1EF171BF23436EBD003B7EB9 /* AppDelegate.swift */ = {isa = PBXFileReference; lastKnownFileType = sourcecode.swift; path = AppDelegate.swift; sourceTree = "<group>"; };
		1EF171C123436EBD003B7EB9 /* LanguageSelectionViewController.swift */ = {isa = PBXFileReference; lastKnownFileType = sourcecode.swift; path = LanguageSelectionViewController.swift; sourceTree = "<group>"; };
		1EF171C723436EBD003B7EB9 /* AmplifonME.xcdatamodel */ = {isa = PBXFileReference; lastKnownFileType = wrapper.xcdatamodel; path = AmplifonME.xcdatamodel; sourceTree = "<group>"; };
		1EF171C923436EC7003B7EB9 /* Assets.xcassets */ = {isa = PBXFileReference; lastKnownFileType = folder.assetcatalog; path = Assets.xcassets; sourceTree = "<group>"; };
		1EF171CC23436EC7003B7EB9 /* Base */ = {isa = PBXFileReference; lastKnownFileType = file.storyboard; name = Base; path = Base.lproj/LaunchScreen.storyboard; sourceTree = "<group>"; };
		1EF171CE23436EC7003B7EB9 /* Info.plist */ = {isa = PBXFileReference; lastKnownFileType = text.plist.xml; path = Info.plist; sourceTree = "<group>"; };
/* End PBXFileReference section */

/* Begin PBXFrameworksBuildPhase section */
		1EF171B923436EBD003B7EB9 /* Frameworks */ = {
			isa = PBXFrameworksBuildPhase;
			buildActionMask = 2147483647;
			files = (
			);
			runOnlyForDeploymentPostprocessing = 0;
		};
/* End PBXFrameworksBuildPhase section */

/* Begin PBXGroup section */
		1EE5FE5B2344928C00A72A0A /* UI */ = {
			isa = PBXGroup;
			children = (
				1EE6AF142344A9E2002FCC68 /* abstract */,
				1ECFE8A023448EB300A058EE /* RegistrationViewController.swift */,
				1EF171C123436EBD003B7EB9 /* LanguageSelectionViewController.swift */,
			);
			path = UI;
			sourceTree = "<group>";
		};
		1EE6AF142344A9E2002FCC68 /* abstract */ = {
			isa = PBXGroup;
			children = (
				1EE5FE5C234492C100A72A0A /* BackgroundViewController.swift */,
				1EE6AF122344A9C7002FCC68 /* RegistrationBackgroundViewController.swift */,
			);
			path = abstract;
			sourceTree = "<group>";
		};
		1EF171B323436EBD003B7EB9 = {
			isa = PBXGroup;
			children = (
				1EF171BE23436EBD003B7EB9 /* AmplifonME */,
				1EF171BD23436EBD003B7EB9 /* Products */,
			);
			sourceTree = "<group>";
		};
		1EF171BD23436EBD003B7EB9 /* Products */ = {
			isa = PBXGroup;
			children = (
				1EF171BC23436EBD003B7EB9 /* AmplifonME.app */,
			);
			name = Products;
			sourceTree = "<group>";
		};
		1EF171BE23436EBD003B7EB9 /* AmplifonME */ = {
			isa = PBXGroup;
			children = (
				1EF171BF23436EBD003B7EB9 /* AppDelegate.swift */,
				1EE5FE5B2344928C00A72A0A /* UI */,
				1EF171C923436EC7003B7EB9 /* Assets.xcassets */,
				1EF171CB23436EC7003B7EB9 /* LaunchScreen.storyboard */,
				1EF171CE23436EC7003B7EB9 /* Info.plist */,
				1EF171C623436EBD003B7EB9 /* AmplifonME.xcdatamodeld */,
			);
			path = AmplifonME;
			sourceTree = "<group>";
		};
/* End PBXGroup section */

/* Begin PBXNativeTarget section */
		1EF171BB23436EBD003B7EB9 /* AmplifonME */ = {
			isa = PBXNativeTarget;
			buildConfigurationList = 1EF171D123436EC7003B7EB9 /* Build configuration list for PBXNativeTarget "AmplifonME" */;
			buildPhases = (
				1EF171B823436EBD003B7EB9 /* Sources */,
				1EF171B923436EBD003B7EB9 /* Frameworks */,
				1EF171BA23436EBD003B7EB9 /* Resources */,
			);
			buildRules = (
			);
			dependencies = (
			);
			name = AmplifonME;
			productName = AmplifonME;
			productReference = 1EF171BC23436EBD003B7EB9 /* AmplifonME.app */;
			productType = "com.apple.product-type.application";
		};
/* End PBXNativeTarget section */

/* Begin PBXProject section */
		1EF171B423436EBD003B7EB9 /* Project object */ = {
			isa = PBXProject;
			attributes = {
				LastSwiftUpdateCheck = 1030;
				LastUpgradeCheck = 1030;
				ORGANIZATIONNAME = Mahmoud;
				TargetAttributes = {
					1EF171BB23436EBD003B7EB9 = {
						CreatedOnToolsVersion = 10.3;
					};
				};
			};
			buildConfigurationList = 1EF171B723436EBD003B7EB9 /* Build configuration list for PBXProject "AmplifonME" */;
			compatibilityVersion = "Xcode 9.3";
			developmentRegion = en;
			hasScannedForEncodings = 0;
			knownRegions = (
				en,
				Base,
			);
			mainGroup = 1EF171B323436EBD003B7EB9;
			productRefGroup = 1EF171BD23436EBD003B7EB9 /* Products */;
			projectDirPath = "";
			projectRoot = "";
			targets = (
				1EF171BB23436EBD003B7EB9 /* AmplifonME */,
			);
		};
/* End PBXProject section */

/* Begin PBXResourcesBuildPhase section */
		1EF171BA23436EBD003B7EB9 /* Resources */ = {
			isa = PBXResourcesBuildPhase;
			buildActionMask = 2147483647;
			files = (
				1EF171CD23436EC7003B7EB9 /* LaunchScreen.storyboard in Resources */,
				1EF171CA23436EC7003B7EB9 /* Assets.xcassets in Resources */,
			);
			runOnlyForDeploymentPostprocessing = 0;
		};
/* End PBXResourcesBuildPhase section */

/* Begin PBXSourcesBuildPhase section */
		1EF171B823436EBD003B7EB9 /* Sources */ = {
			isa = PBXSourcesBuildPhase;
			buildActionMask = 2147483647;
			files = (
				1EF171C823436EBD003B7EB9 /* AmplifonME.xcdatamodeld in Sources */,
				1EF171C223436EBD003B7EB9 /* LanguageSelectionViewController.swift in Sources */,
				1EE5FE5D234492C100A72A0A /* BackgroundViewController.swift in Sources */,
				1ECFE8A123448EB300A058EE /* RegistrationViewController.swift in Sources */,
				1EF171C023436EBD003B7EB9 /* AppDelegate.swift in Sources */,
				1EE6AF132344A9C7002FCC68 /* RegistrationBackgroundViewController.swift in Sources */,
			);
			runOnlyForDeploymentPostprocessing = 0;
		};
/* End PBXSourcesBuildPhase section */

/* Begin PBXVariantGroup section */
		1EF171CB23436EC7003B7EB9 /* LaunchScreen.storyboard */ = {
			isa = PBXVariantGroup;
			children = (
				1EF171CC23436EC7003B7EB9 /* Base */,
			);
			name = LaunchScreen.storyboard;
			sourceTree = "<group>";
		};
/* End PBXVariantGroup section */

/* Begin XCBuildConfiguration section */
		1EF171CF23436EC7003B7EB9 /* Debug */ = {
			isa = XCBuildConfiguration;
			buildSettings = {
				ALWAYS_SEARCH_USER_PATHS = NO;
				CLANG_ANALYZER_NONNULL = YES;
				CLANG_ANALYZER_NUMBER_OBJECT_CONVERSION = YES_AGGRESSIVE;
				CLANG_CXX_LANGUAGE_STANDARD = "gnu++14";
				CLANG_CXX_LIBRARY = "libc++";
				CLANG_ENABLE_MODULES = YES;
				CLANG_ENABLE_OBJC_ARC = YES;
				CLANG_ENABLE_OBJC_WEAK = YES;
				CLANG_WARN_BLOCK_CAPTURE_AUTORELEASING = YES;
				CLANG_WARN_BOOL_CONVERSION = YES;
				CLANG_WARN_COMMA = YES;
				CLANG_WARN_CONSTANT_CONVERSION = YES;
				CLANG_WARN_DEPRECATED_OBJC_IMPLEMENTATIONS = YES;
				CLANG_WARN_DIRECT_OBJC_ISA_USAGE = YES_ERROR;
				CLANG_WARN_DOCUMENTATION_COMMENTS = YES;
				CLANG_WARN_EMPTY_BODY = YES;
				CLANG_WARN_ENUM_CONVERSION = YES;
				CLANG_WARN_INFINITE_RECURSION = YES;
				CLANG_WARN_INT_CONVERSION = YES;
				CLANG_WARN_NON_LITERAL_NULL_CONVERSION = YES;
				CLANG_WARN_OBJC_IMPLICIT_RETAIN_SELF = YES;
				CLANG_WARN_OBJC_LITERAL_CONVERSION = YES;
				CLANG_WARN_OBJC_ROOT_CLASS = YES_ERROR;
				CLANG_WARN_RANGE_LOOP_ANALYSIS = YES;
				CLANG_WARN_STRICT_PROTOTYPES = YES;
				CLANG_WARN_SUSPICIOUS_MOVE = YES;
				CLANG_WARN_UNGUARDED_AVAILABILITY = YES_AGGRESSIVE;
				CLANG_WARN_UNREACHABLE_CODE = YES;
				CLANG_WARN__DUPLICATE_METHOD_MATCH = YES;
				CODE_SIGN_IDENTITY = "iPhone Developer";
				COPY_PHASE_STRIP = NO;
				DEBUG_INFORMATION_FORMAT = dwarf;
				ENABLE_STRICT_OBJC_MSGSEND = YES;
				ENABLE_TESTABILITY = YES;
				GCC_C_LANGUAGE_STANDARD = gnu11;
				GCC_DYNAMIC_NO_PIC = NO;
				GCC_NO_COMMON_BLOCKS = YES;
				GCC_OPTIMIZATION_LEVEL = 0;
				GCC_PREPROCESSOR_DEFINITIONS = (
					"DEBUG=1",
					"$(inherited)",
				);
				GCC_WARN_64_TO_32_BIT_CONVERSION = YES;
				GCC_WARN_ABOUT_RETURN_TYPE = YES_ERROR;
				GCC_WARN_UNDECLARED_SELECTOR = YES;
				GCC_WARN_UNINITIALIZED_AUTOS = YES_AGGRESSIVE;
				GCC_WARN_UNUSED_FUNCTION = YES;
				GCC_WARN_UNUSED_VARIABLE = YES;
				IPHONEOS_DEPLOYMENT_TARGET = 12.4;
				MTL_ENABLE_DEBUG_INFO = INCLUDE_SOURCE;
				MTL_FAST_MATH = YES;
				ONLY_ACTIVE_ARCH = YES;
				SDKROOT = iphoneos;
				SWIFT_ACTIVE_COMPILATION_CONDITIONS = DEBUG;
				SWIFT_OPTIMIZATION_LEVEL = "-Onone";
			};
			name = Debug;
		};
		1EF171D023436EC7003B7EB9 /* Release */ = {
			isa = XCBuildConfiguration;
			buildSettings = {
				ALWAYS_SEARCH_USER_PATHS = NO;
				CLANG_ANALYZER_NONNULL = YES;
				CLANG_ANALYZER_NUMBER_OBJECT_CONVERSION = YES_AGGRESSIVE;
				CLANG_CXX_LANGUAGE_STANDARD = "gnu++14";
				CLANG_CXX_LIBRARY = "libc++";
				CLANG_ENABLE_MODULES = YES;
				CLANG_ENABLE_OBJC_ARC = YES;
				CLANG_ENABLE_OBJC_WEAK = YES;
				CLANG_WARN_BLOCK_CAPTURE_AUTORELEASING = YES;
				CLANG_WARN_BOOL_CONVERSION = YES;
				CLANG_WARN_COMMA = YES;
				CLANG_WARN_CONSTANT_CONVERSION = YES;
				CLANG_WARN_DEPRECATED_OBJC_IMPLEMENTATIONS = YES;
				CLANG_WARN_DIRECT_OBJC_ISA_USAGE = YES_ERROR;
				CLANG_WARN_DOCUMENTATION_COMMENTS = YES;
				CLANG_WARN_EMPTY_BODY = YES;
				CLANG_WARN_ENUM_CONVERSION = YES;
				CLANG_WARN_INFINITE_RECURSION = YES;
				CLANG_WARN_INT_CONVERSION = YES;
				CLANG_WARN_NON_LITERAL_NULL_CONVERSION = YES;
				CLANG_WARN_OBJC_IMPLICIT_RETAIN_SELF = YES;
				CLANG_WARN_OBJC_LITERAL_CONVERSION = YES;
				CLANG_WARN_OBJC_ROOT_CLASS = YES_ERROR;
				CLANG_WARN_RANGE_LOOP_ANALYSIS = YES;
				CLANG_WARN_STRICT_PROTOTYPES = YES;
				CLANG_WARN_SUSPICIOUS_MOVE = YES;
				CLANG_WARN_UNGUARDED_AVAILABILITY = YES_AGGRESSIVE;
				CLANG_WARN_UNREACHABLE_CODE = YES;
				CLANG_WARN__DUPLICATE_METHOD_MATCH = YES;
				CODE_SIGN_IDENTITY = "iPhone Developer";
				COPY_PHASE_STRIP = NO;
				DEBUG_INFORMATION_FORMAT = "dwarf-with-dsym";
				ENABLE_NS_ASSERTIONS = NO;
				ENABLE_STRICT_OBJC_MSGSEND = YES;
				GCC_C_LANGUAGE_STANDARD = gnu11;
				GCC_NO_COMMON_BLOCKS = YES;
				GCC_WARN_64_TO_32_BIT_CONVERSION = YES;
				GCC_WARN_ABOUT_RETURN_TYPE = YES_ERROR;
				GCC_WARN_UNDECLARED_SELECTOR = YES;
				GCC_WARN_UNINITIALIZED_AUTOS = YES_AGGRESSIVE;
				GCC_WARN_UNUSED_FUNCTION = YES;
				GCC_WARN_UNUSED_VARIABLE = YES;
				IPHONEOS_DEPLOYMENT_TARGET = 12.4;
				MTL_ENABLE_DEBUG_INFO = NO;
				MTL_FAST_MATH = YES;
				SDKROOT = iphoneos;
				SWIFT_COMPILATION_MODE = wholemodule;
				SWIFT_OPTIMIZATION_LEVEL = "-O";
				VALIDATE_PRODUCT = YES;
			};
			name = Release;
		};
		1EF171D223436EC7003B7EB9 /* Debug */ = {
			isa = XCBuildConfiguration;
			buildSettings = {
				ASSETCATALOG_COMPILER_APPICON_NAME = AppIcon;
				CODE_SIGN_STYLE = Automatic;
				DEVELOPMENT_TEAM = 8S277Q6222;
				INFOPLIST_FILE = AmplifonME/Info.plist;
				LD_RUNPATH_SEARCH_PATHS = (
					"$(inherited)",
					"@executable_path/Frameworks",
				);
				PRODUCT_BUNDLE_IDENTIFIER = com.minapharm.AmplifonME;
				PRODUCT_NAME = "$(TARGET_NAME)";
				SWIFT_VERSION = 5.0;
				TARGETED_DEVICE_FAMILY = "1,2";
			};
			name = Debug;
		};
		1EF171D323436EC7003B7EB9 /* Release */ = {
			isa = XCBuildConfiguration;
			buildSettings = {
				ASSETCATALOG_COMPILER_APPICON_NAME = AppIcon;
				CODE_SIGN_STYLE = Automatic;
				DEVELOPMENT_TEAM = 8S277Q6222;
				INFOPLIST_FILE = AmplifonME/Info.plist;
				LD_RUNPATH_SEARCH_PATHS = (
					"$(inherited)",
					"@executable_path/Frameworks",
				);
				PRODUCT_BUNDLE_IDENTIFIER = com.minapharm.AmplifonME;
				PRODUCT_NAME = "$(TARGET_NAME)";
				SWIFT_VERSION = 5.0;
				TARGETED_DEVICE_FAMILY = "1,2";
			};
			name = Release;
		};
/* End XCBuildConfiguration section */

/* Begin XCConfigurationList section */
		1EF171B723436EBD003B7EB9 /* Build configuration list for PBXProject "AmplifonME" */ = {
			isa = XCConfigurationList;
			buildConfigurations = (
				1EF171CF23436EC7003B7EB9 /* Debug */,
				1EF171D023436EC7003B7EB9 /* Release */,
			);
			defaultConfigurationIsVisible = 0;
			defaultConfigurationName = Release;
		};
		1EF171D123436EC7003B7EB9 /* Build configuration list for PBXNativeTarget "AmplifonME" */ = {
			isa = XCConfigurationList;
			buildConfigurations = (
				1EF171D223436EC7003B7EB9 /* Debug */,
				1EF171D323436EC7003B7EB9 /* Release */,
			);
			defaultConfigurationIsVisible = 0;
			defaultConfigurationName = Release;
		};
/* End XCConfigurationList section */

/* Begin XCVersionGroup section */
		1EF171C623436EBD003B7EB9 /* AmplifonME.xcdatamodeld */ = {
			isa = XCVersionGroup;
			children = (
				1EF171C723436EBD003B7EB9 /* AmplifonME.xcdatamodel */,
			);
			currentVersion = 1EF171C723436EBD003B7EB9 /* AmplifonME.xcdatamodel */;
			path = AmplifonME.xcdatamodeld;
			sourceTree = "<group>";
			versionGroupType = wrapper.xcdatamodel;
		};
/* End XCVersionGroup section */
	};
	rootObject = 1EF171B423436EBD003B7EB9 /* Project object */;
}
